
Microsoft Visual Studio Solution File, Format Version 12.00
# Visual Studio 15
VisualStudioVersion = 15.0.28307.421
MinimumVisualStudioVersion = 10.0.40219.1
Project("{8BC9CEB8-8B4A-11D0-8D11-00A0C91BC942}") = "Code_6_10", "Code_6_10\Code_6_10.vcxproj", "{9DA9E557-926F-4DAC-86E5-862F55C171EE}"
EndProject
Global
	GlobalSection(SolutionConfigurationPlatforms) = preSolution
		Debug|x64 = Debug|x64
		Debug|x86 = Debug|x86
		Release|x64 = Release|x64
		Release|x86 = Release|x86
	EndGlobalSection
	GlobalSection(ProjectConfigurationPlatforms) = postSolution
		{9DA9E557-926F-4DAC-86E5-862F55C171EE}.Debug|x64.ActiveCfg = Debug|x64
		{9DA9E557-926F-4DAC-86E5-862F55C171EE}.Debug|x64.Build.0 = Debug|x64
		{9DA9E557-926F-4DAC-86E5-862F55C171EE}.Debug|x86.ActiveCfg = Debug|Win32
		{9DA9E557-926F-4DAC-86E5-862F55C171EE}.Debug|x86.Build.0 = Debug|Win32
		{9DA9E557-926F-4DAC-86E5-862F55C171EE}.Release|x64.ActiveCfg = Release|x64
		{9DA9E557-926F-4DAC-86E5-862F55C171EE}.Release|x64.Build.0 = Release|x64
		{9DA9E557-926F-4DAC-86E5-862F55C171EE}.Release|x86.ActiveCfg = Release|Win32
		{9DA9E557-926F-4DAC-86E5-862F55C171EE}.Release|x86.Build.0 = Release|Win32
	EndGlobalSection
	GlobalSection(SolutionProperties) = preSolution
		HideSolutionNode = FALSE
	EndGlobalSection
	GlobalSection(ExtensibilityGlobals) = postSolution
		SolutionGuid = {50F8837E-FEA3-4025-BEDA-8EE14BCFC5E0}
	EndGlobalSection
EndGlobal
