
Microsoft Visual Studio Solution File, Format Version 12.00
# Visual Studio 15
VisualStudioVersion = 15.0.28307.421
MinimumVisualStudioVersion = 10.0.40219.1
Project("{8BC9CEB8-8B4A-11D0-8D11-00A0C91BC942}") = "Code_day_5_4", "Code_day_5_4\Code_day_5_4.vcxproj", "{8BC983A3-B72E-408D-9192-4A00520B3CB1}"
EndProject
Global
	GlobalSection(SolutionConfigurationPlatforms) = preSolution
		Debug|x64 = Debug|x64
		Debug|x86 = Debug|x86
		Release|x64 = Release|x64
		Release|x86 = Release|x86
	EndGlobalSection
	GlobalSection(ProjectConfigurationPlatforms) = postSolution
		{8BC983A3-B72E-408D-9192-4A00520B3CB1}.Debug|x64.ActiveCfg = Debug|x64
		{8BC983A3-B72E-408D-9192-4A00520B3CB1}.Debug|x64.Build.0 = Debug|x64
		{8BC983A3-B72E-408D-9192-4A00520B3CB1}.Debug|x86.ActiveCfg = Debug|Win32
		{8BC983A3-B72E-408D-9192-4A00520B3CB1}.Debug|x86.Build.0 = Debug|Win32
		{8BC983A3-B72E-408D-9192-4A00520B3CB1}.Release|x64.ActiveCfg = Release|x64
		{8BC983A3-B72E-408D-9192-4A00520B3CB1}.Release|x64.Build.0 = Release|x64
		{8BC983A3-B72E-408D-9192-4A00520B3CB1}.Release|x86.ActiveCfg = Release|Win32
		{8BC983A3-B72E-408D-9192-4A00520B3CB1}.Release|x86.Build.0 = Release|Win32
	EndGlobalSection
	GlobalSection(SolutionProperties) = preSolution
		HideSolutionNode = FALSE
	EndGlobalSection
	GlobalSection(ExtensibilityGlobals) = postSolution
		SolutionGuid = {90BE4D41-B46C-4623-BB6A-23B608CFA108}
	EndGlobalSection
EndGlobal
