
Microsoft Visual Studio Solution File, Format Version 12.00
# Visual Studio 15
VisualStudioVersion = 15.0.28307.421
MinimumVisualStudioVersion = 10.0.40219.1
Project("{8BC9CEB8-8B4A-11D0-8D11-00A0C91BC942}") = "Code_6_16", "Code_6_16\Code_6_16.vcxproj", "{FCE0B697-1C1C-4EED-9131-187EA01855A5}"
EndProject
Global
	GlobalSection(SolutionConfigurationPlatforms) = preSolution
		Debug|x64 = Debug|x64
		Debug|x86 = Debug|x86
		Release|x64 = Release|x64
		Release|x86 = Release|x86
	EndGlobalSection
	GlobalSection(ProjectConfigurationPlatforms) = postSolution
		{FCE0B697-1C1C-4EED-9131-187EA01855A5}.Debug|x64.ActiveCfg = Debug|x64
		{FCE0B697-1C1C-4EED-9131-187EA01855A5}.Debug|x64.Build.0 = Debug|x64
		{FCE0B697-1C1C-4EED-9131-187EA01855A5}.Debug|x86.ActiveCfg = Debug|Win32
		{FCE0B697-1C1C-4EED-9131-187EA01855A5}.Debug|x86.Build.0 = Debug|Win32
		{FCE0B697-1C1C-4EED-9131-187EA01855A5}.Release|x64.ActiveCfg = Release|x64
		{FCE0B697-1C1C-4EED-9131-187EA01855A5}.Release|x64.Build.0 = Release|x64
		{FCE0B697-1C1C-4EED-9131-187EA01855A5}.Release|x86.ActiveCfg = Release|Win32
		{FCE0B697-1C1C-4EED-9131-187EA01855A5}.Release|x86.Build.0 = Release|Win32
	EndGlobalSection
	GlobalSection(SolutionProperties) = preSolution
		HideSolutionNode = FALSE
	EndGlobalSection
	GlobalSection(ExtensibilityGlobals) = postSolution
		SolutionGuid = {4E47E393-BDAE-4938-842A-84CE608C2AA0}
	EndGlobalSection
EndGlobal
